{
  "name": "Pagina Web CV",
  "lockfileVersion": 2,
  "requires": true,
  "packages": {
    "": {
      "devDependencies": {
        "prettier-plugin-prisma": "^3.14.0"
      }
    },
    "node_modules/@prisma/prisma-fmt-wasm": {
      "version": "3.14.0-36.2b0c12756921c891fec4f68d9444e18c7d5d4a6a",
      "resolved": "https://registry.npmjs.org/@prisma/prisma-fmt-wasm/-/prisma-fmt-wasm-3.14.0-36.2b0c12756921c891fec4f68d9444e18c7d5d4a6a.tgz",
      "integrity": "sha512-YwiGDAfUqLPz1NIyd6y6LyT1ViiTCXNx7AFWuMwb7aGhBmzhfuTeo/MQpzlA9x90wKh2ACJ4Fa3nZS5Wvr8xbg==",
      "dev": true
    },
    "node_modules/prettier": {
      "version": "2.7.1",
      "resolved": "https://registry.npmjs.org/prettier/-/prettier-2.7.1.tgz",
      "integrity": "sha512-ujppO+MkdPqoVINuDFDRLClm7D78qbDt0/NR+wp5FqEZOoTNAjPHWj17QRhu7geIHJfcNhRk1XVQmF8Bp3ye+g==",
      "dev": true,
      "peer": true,
      "bin": {
        "prettier": "bin-prettier.js"
      },
      "engines": {
        "node": ">=10.13.0"
      },
      "funding": {
        "url": "https://github.com/prettier/prettier?sponsor=1"
      }
    },
    "node_modules/prettier-plugin-prisma": {
      "version": "3.14.0",
      "resolved": "https://registry.npmjs.org/prettier-plugin-prisma/-/prettier-plugin-prisma-3.14.0.tgz",
      "integrity": "sha512-/6xrVjtnFBB591Fq2M/8lCf2agzq0rTLQhKV/VX+dwL0vtbH2KXw+iXWPifPFw3HvcHNbSjZ4yGVPc2Zwf0J5g==",
      "dev": true,
      "dependencies": {
        "@prisma/prisma-fmt-wasm": "3.14.0-36.2b0c12756921c891fec4f68d9444e18c7d5d4a6a"
      },
      "engines": {
        "node": ">=12",
        "npm": ">=7"
      },
      "peerDependencies": {
        "prettier": ">=2"
      }
    }
  },
  "dependencies": {
    "@prisma/prisma-fmt-wasm": {
      "version": "3.14.0-36.2b0c12756921c891fec4f68d9444e18c7d5d4a6a",
      "resolved": "https://registry.npmjs.org/@prisma/prisma-fmt-wasm/-/prisma-fmt-wasm-3.14.0-36.2b0c12756921c891fec4f68d9444e18c7d5d4a6a.tgz",
      "integrity": "sha512-YwiGDAfUqLPz1NIyd6y6LyT1ViiTCXNx7AFWuMwb7aGhBmzhfuTeo/MQpzlA9x90wKh2ACJ4Fa3nZS5Wvr8xbg==",
      "dev": true
    },
    "prettier": {
      "version": "2.7.1",
      "resolved": "https://registry.npmjs.org/prettier/-/prettier-2.7.1.tgz",
      "integrity": "sha512-ujppO+MkdPqoVINuDFDRLClm7D78qbDt0/NR+wp5FqEZOoTNAjPHWj17QRhu7geIHJfcNhRk1XVQmF8Bp3ye+g==",
      "dev": true,
      "peer": true
    },
    "prettier-plugin-prisma": {
      "version": "3.14.0",
      "resolved": "https://registry.npmjs.org/prettier-plugin-prisma/-/prettier-plugin-prisma-3.14.0.tgz",
      "integrity": "sha512-/6xrVjtnFBB591Fq2M/8lCf2agzq0rTLQhKV/VX+dwL0vtbH2KXw+iXWPifPFw3HvcHNbSjZ4yGVPc2Zwf0J5g==",
      "dev": true,
      "requires": {
        "@prisma/prisma-fmt-wasm": "3.14.0-36.2b0c12756921c891fec4f68d9444e18c7d5d4a6a"
      }
    }
  }
}
